
Microsoft Visual Studio Solution File, Format Version 12.00
# Visual Studio Version 17
VisualStudioVersion = 17.1.32210.238
MinimumVisualStudioVersion = 10.0.40219.1
Project("{FAE04EC0-301F-11D3-BF4B-00C04F79EFBC}") = "Web preglednik", "Web preglednik\Web preglednik.csproj", "{31865906-8309-482E-AD82-F3B458D13870}"
EndProject
Global
	GlobalSection(SolutionConfigurationPlatforms) = preSolution
		Debug|Any CPU = Debug|Any CPU
		Release|Any CPU = Release|Any CPU
	EndGlobalSection
	GlobalSection(ProjectConfigurationPlatforms) = postSolution
		{31865906-8309-482E-AD82-F3B458D13870}.Debug|Any CPU.ActiveCfg = Debug|Any CPU
		{31865906-8309-482E-AD82-F3B458D13870}.Debug|Any CPU.Build.0 = Debug|Any CPU
		{31865906-8309-482E-AD82-F3B458D13870}.Release|Any CPU.ActiveCfg = Release|Any CPU
		{31865906-8309-482E-AD82-F3B458D13870}.Release|Any CPU.Build.0 = Release|Any CPU
	EndGlobalSection
	GlobalSection(SolutionProperties) = preSolution
		HideSolutionNode = FALSE
	EndGlobalSection
	GlobalSection(ExtensibilityGlobals) = postSolution
		SolutionGuid = {D676BDAF-BE4E-4B1E-A333-21DC28F2FB93}
	EndGlobalSection
EndGlobal
